
Microsoft Visual Studio Solution File, Format Version 12.00
# Visual Studio Version 17
VisualStudioVersion = 17.9.34622.214
MinimumVisualStudioVersion = 10.0.40219.1
Project("{FAE04EC0-301F-11D3-BF4B-00C04F79EFBC}") = "Server", "Server\Server.csproj", "{60F26B28-32B2-425F-9321-45C33D348F88}"
EndProject
Project("{FAE04EC0-301F-11D3-BF4B-00C04F79EFBC}") = "Domain", "Domain\Domain.csproj", "{7CA9485D-3D7E-4797-A021-7AF51222224D}"
EndProject
Project("{FAE04EC0-301F-11D3-BF4B-00C04F79EFBC}") = "DBAccess", "DBAccess\DBAccess.csproj", "{27A0FBE1-54BD-470E-95DD-341676A413C8}"
EndProject
Project("{FAE04EC0-301F-11D3-BF4B-00C04F79EFBC}") = "Client", "Client\Client.csproj", "{C0F47822-DAE8-4FDD-9674-7295967D463E}"
EndProject
Global
	GlobalSection(SolutionConfigurationPlatforms) = preSolution
		Debug|Any CPU = Debug|Any CPU
		Release|Any CPU = Release|Any CPU
	EndGlobalSection
	GlobalSection(ProjectConfigurationPlatforms) = postSolution
		{60F26B28-32B2-425F-9321-45C33D348F88}.Debug|Any CPU.ActiveCfg = Debug|Any CPU
		{60F26B28-32B2-425F-9321-45C33D348F88}.Debug|Any CPU.Build.0 = Debug|Any CPU
		{60F26B28-32B2-425F-9321-45C33D348F88}.Release|Any CPU.ActiveCfg = Release|Any CPU
		{60F26B28-32B2-425F-9321-45C33D348F88}.Release|Any CPU.Build.0 = Release|Any CPU
		{7CA9485D-3D7E-4797-A021-7AF51222224D}.Debug|Any CPU.ActiveCfg = Debug|Any CPU
		{7CA9485D-3D7E-4797-A021-7AF51222224D}.Debug|Any CPU.Build.0 = Debug|Any CPU
		{7CA9485D-3D7E-4797-A021-7AF51222224D}.Release|Any CPU.ActiveCfg = Release|Any CPU
		{7CA9485D-3D7E-4797-A021-7AF51222224D}.Release|Any CPU.Build.0 = Release|Any CPU
		{27A0FBE1-54BD-470E-95DD-341676A413C8}.Debug|Any CPU.ActiveCfg = Debug|Any CPU
		{27A0FBE1-54BD-470E-95DD-341676A413C8}.Debug|Any CPU.Build.0 = Debug|Any CPU
		{27A0FBE1-54BD-470E-95DD-341676A413C8}.Release|Any CPU.ActiveCfg = Release|Any CPU
		{27A0FBE1-54BD-470E-95DD-341676A413C8}.Release|Any CPU.Build.0 = Release|Any CPU
		{C0F47822-DAE8-4FDD-9674-7295967D463E}.Debug|Any CPU.ActiveCfg = Debug|Any CPU
		{C0F47822-DAE8-4FDD-9674-7295967D463E}.Debug|Any CPU.Build.0 = Debug|Any CPU
		{C0F47822-DAE8-4FDD-9674-7295967D463E}.Release|Any CPU.ActiveCfg = Release|Any CPU
		{C0F47822-DAE8-4FDD-9674-7295967D463E}.Release|Any CPU.Build.0 = Release|Any CPU
	EndGlobalSection
	GlobalSection(SolutionProperties) = preSolution
		HideSolutionNode = FALSE
	EndGlobalSection
	GlobalSection(ExtensibilityGlobals) = postSolution
		SolutionGuid = {2DEC4937-DDDA-47AA-81A8-6D95D31C228C}
	EndGlobalSection
EndGlobal
